{
  "name": "backend",
  "version": "1.0.0",
  "lockfileVersion": 1,
  "requires": true,
  "dependencies": {
    "meetup-lucky-winner-generator": {
      "version": "0.0.8",
      "resolved": "https://registry.npmjs.org/meetup-lucky-winner-generator/-/meetup-lucky-winner-generator-0.0.8.tgz",
      "integrity": "sha512-XcBj7eaLHnvA3Olk6U5608W791oLmM6NBrtEP6DDVA2eZV7tSwK1l6B6UEgWGzk6nf1E3ZbcbrFXOyd7YxH4Ew=="
    }
  }
}
