{
  "name": "backend",
  "version": "1.0.0",
  "lockfileVersion": 1,
  "requires": true,
  "dependencies": {
    "meetup-lucky-winner-generator": {
      "version": "0.0.12",
      "resolved": "https://registry.npmjs.org/meetup-lucky-winner-generator/-/meetup-lucky-winner-generator-0.0.12.tgz",
      "integrity": "sha512-Uk+hQHmiid+STfNkUdwKEYeFg9Pg/EA1T418SJTYc70l7bBArHi/HD+1paOVm6S71QBHlMbDlm+yNTPxB1DpXQ=="
    }
  }
}
